
Microsoft Visual Studio Solution File, Format Version 12.00
# Visual Studio Version 16
Project("{8BC9CEB8-8B4A-11D0-8D11-00A0C91BC942}") = "ALL_BUILD", "ALL_BUILD.vcxproj", "{D4C53F78-AFF7-3F8F-93EB-C2C8C3B2C926}"
	ProjectSection(ProjectDependencies) = postProject
		{796D6C10-65F7-3944-82A4-1C53FA1BC7FF} = {796D6C10-65F7-3944-82A4-1C53FA1BC7FF}
		{89AF24AE-C9A5-3358-BDE5-897F1EF60FCF} = {89AF24AE-C9A5-3358-BDE5-897F1EF60FCF}
		{F4EED76B-7366-36D5-92FD-0E4DF4DCEFE6} = {F4EED76B-7366-36D5-92FD-0E4DF4DCEFE6}
		{963DF931-3E57-3DC7-AC02-8567AA62AACC} = {963DF931-3E57-3DC7-AC02-8567AA62AACC}
		{63F10AB1-6954-36CF-83D3-A6DC3A910A43} = {63F10AB1-6954-36CF-83D3-A6DC3A910A43}
		{4E7E46AF-36D6-352D-B97F-C0504F169E44} = {4E7E46AF-36D6-352D-B97F-C0504F169E44}
		{20F15810-A75C-384D-8DC0-686CEF8EDA42} = {20F15810-A75C-384D-8DC0-686CEF8EDA42}
		{0AB734E6-74C8-340F-8F5D-E2B28144010D} = {0AB734E6-74C8-340F-8F5D-E2B28144010D}
		{C72C8C2F-0F3E-362D-A3D7-026685CDA2F0} = {C72C8C2F-0F3E-362D-A3D7-026685CDA2F0}
		{AD0C7424-45D7-3468-A212-B0C9550BD87F} = {AD0C7424-45D7-3468-A212-B0C9550BD87F}
	EndProjectSection
EndProject
Project("{8BC9CEB8-8B4A-11D0-8D11-00A0C91BC942}") = "INSTALL", "INSTALL.vcxproj", "{23BD5018-FDE0-3D4C-801C-F6013D4C25F7}"
	ProjectSection(ProjectDependencies) = postProject
		{D4C53F78-AFF7-3F8F-93EB-C2C8C3B2C926} = {D4C53F78-AFF7-3F8F-93EB-C2C8C3B2C926}
		{796D6C10-65F7-3944-82A4-1C53FA1BC7FF} = {796D6C10-65F7-3944-82A4-1C53FA1BC7FF}
	EndProjectSection
EndProject
Project("{8BC9CEB8-8B4A-11D0-8D11-00A0C91BC942}") = "RUN_TESTS", "RUN_TESTS.vcxproj", "{93EAAA81-416F-3E0C-85D1-F579C4B22074}"
	ProjectSection(ProjectDependencies) = postProject
		{796D6C10-65F7-3944-82A4-1C53FA1BC7FF} = {796D6C10-65F7-3944-82A4-1C53FA1BC7FF}
	EndProjectSection
EndProject
Project("{8BC9CEB8-8B4A-11D0-8D11-00A0C91BC942}") = "ZERO_CHECK", "ZERO_CHECK.vcxproj", "{796D6C10-65F7-3944-82A4-1C53FA1BC7FF}"
	ProjectSection(ProjectDependencies) = postProject
	EndProjectSection
EndProject
Project("{8BC9CEB8-8B4A-11D0-8D11-00A0C91BC942}") = "genfiles", "genfiles.vcxproj", "{725A54A3-1104-38BB-B738-9838B76508E5}"
	ProjectSection(ProjectDependencies) = postProject
		{796D6C10-65F7-3944-82A4-1C53FA1BC7FF} = {796D6C10-65F7-3944-82A4-1C53FA1BC7FF}
	EndProjectSection
EndProject
Project("{8BC9CEB8-8B4A-11D0-8D11-00A0C91BC942}") = "png", "png.vcxproj", "{89AF24AE-C9A5-3358-BDE5-897F1EF60FCF}"
	ProjectSection(ProjectDependencies) = postProject
		{796D6C10-65F7-3944-82A4-1C53FA1BC7FF} = {796D6C10-65F7-3944-82A4-1C53FA1BC7FF}
		{725A54A3-1104-38BB-B738-9838B76508E5} = {725A54A3-1104-38BB-B738-9838B76508E5}
	EndProjectSection
EndProject
Project("{8BC9CEB8-8B4A-11D0-8D11-00A0C91BC942}") = "png-fix-itxt", "png-fix-itxt.vcxproj", "{F4EED76B-7366-36D5-92FD-0E4DF4DCEFE6}"
	ProjectSection(ProjectDependencies) = postProject
		{796D6C10-65F7-3944-82A4-1C53FA1BC7FF} = {796D6C10-65F7-3944-82A4-1C53FA1BC7FF}
	EndProjectSection
EndProject
Project("{8BC9CEB8-8B4A-11D0-8D11-00A0C91BC942}") = "png_static", "png_static.vcxproj", "{963DF931-3E57-3DC7-AC02-8567AA62AACC}"
	ProjectSection(ProjectDependencies) = postProject
		{796D6C10-65F7-3944-82A4-1C53FA1BC7FF} = {796D6C10-65F7-3944-82A4-1C53FA1BC7FF}
		{725A54A3-1104-38BB-B738-9838B76508E5} = {725A54A3-1104-38BB-B738-9838B76508E5}
	EndProjectSection
EndProject
Project("{8BC9CEB8-8B4A-11D0-8D11-00A0C91BC942}") = "pngfix", "pngfix.vcxproj", "{63F10AB1-6954-36CF-83D3-A6DC3A910A43}"
	ProjectSection(ProjectDependencies) = postProject
		{796D6C10-65F7-3944-82A4-1C53FA1BC7FF} = {796D6C10-65F7-3944-82A4-1C53FA1BC7FF}
		{89AF24AE-C9A5-3358-BDE5-897F1EF60FCF} = {89AF24AE-C9A5-3358-BDE5-897F1EF60FCF}
	EndProjectSection
EndProject
Project("{8BC9CEB8-8B4A-11D0-8D11-00A0C91BC942}") = "pngimage", "pngimage.vcxproj", "{4E7E46AF-36D6-352D-B97F-C0504F169E44}"
	ProjectSection(ProjectDependencies) = postProject
		{796D6C10-65F7-3944-82A4-1C53FA1BC7FF} = {796D6C10-65F7-3944-82A4-1C53FA1BC7FF}
		{89AF24AE-C9A5-3358-BDE5-897F1EF60FCF} = {89AF24AE-C9A5-3358-BDE5-897F1EF60FCF}
	EndProjectSection
EndProject
Project("{8BC9CEB8-8B4A-11D0-8D11-00A0C91BC942}") = "pngstest", "pngstest.vcxproj", "{20F15810-A75C-384D-8DC0-686CEF8EDA42}"
	ProjectSection(ProjectDependencies) = postProject
		{796D6C10-65F7-3944-82A4-1C53FA1BC7FF} = {796D6C10-65F7-3944-82A4-1C53FA1BC7FF}
		{89AF24AE-C9A5-3358-BDE5-897F1EF60FCF} = {89AF24AE-C9A5-3358-BDE5-897F1EF60FCF}
	EndProjectSection
EndProject
Project("{8BC9CEB8-8B4A-11D0-8D11-00A0C91BC942}") = "pngtest", "pngtest.vcxproj", "{0AB734E6-74C8-340F-8F5D-E2B28144010D}"
	ProjectSection(ProjectDependencies) = postProject
		{796D6C10-65F7-3944-82A4-1C53FA1BC7FF} = {796D6C10-65F7-3944-82A4-1C53FA1BC7FF}
		{89AF24AE-C9A5-3358-BDE5-897F1EF60FCF} = {89AF24AE-C9A5-3358-BDE5-897F1EF60FCF}
	EndProjectSection
EndProject
Project("{8BC9CEB8-8B4A-11D0-8D11-00A0C91BC942}") = "pngunknown", "pngunknown.vcxproj", "{C72C8C2F-0F3E-362D-A3D7-026685CDA2F0}"
	ProjectSection(ProjectDependencies) = postProject
		{796D6C10-65F7-3944-82A4-1C53FA1BC7FF} = {796D6C10-65F7-3944-82A4-1C53FA1BC7FF}
		{89AF24AE-C9A5-3358-BDE5-897F1EF60FCF} = {89AF24AE-C9A5-3358-BDE5-897F1EF60FCF}
	EndProjectSection
EndProject
Project("{8BC9CEB8-8B4A-11D0-8D11-00A0C91BC942}") = "pngvalid", "pngvalid.vcxproj", "{AD0C7424-45D7-3468-A212-B0C9550BD87F}"
	ProjectSection(ProjectDependencies) = postProject
		{796D6C10-65F7-3944-82A4-1C53FA1BC7FF} = {796D6C10-65F7-3944-82A4-1C53FA1BC7FF}
		{89AF24AE-C9A5-3358-BDE5-897F1EF60FCF} = {89AF24AE-C9A5-3358-BDE5-897F1EF60FCF}
	EndProjectSection
EndProject
Global
	GlobalSection(SolutionConfigurationPlatforms) = preSolution
		Debug|x64 = Debug|x64
		Release|x64 = Release|x64
		MinSizeRel|x64 = MinSizeRel|x64
		RelWithDebInfo|x64 = RelWithDebInfo|x64
	EndGlobalSection
	GlobalSection(ProjectConfigurationPlatforms) = postSolution
		{D4C53F78-AFF7-3F8F-93EB-C2C8C3B2C926}.Debug|x64.ActiveCfg = Debug|x64
		{D4C53F78-AFF7-3F8F-93EB-C2C8C3B2C926}.Debug|x64.Build.0 = Debug|x64
		{D4C53F78-AFF7-3F8F-93EB-C2C8C3B2C926}.Release|x64.ActiveCfg = Release|x64
		{D4C53F78-AFF7-3F8F-93EB-C2C8C3B2C926}.Release|x64.Build.0 = Release|x64
		{D4C53F78-AFF7-3F8F-93EB-C2C8C3B2C926}.MinSizeRel|x64.ActiveCfg = MinSizeRel|x64
		{D4C53F78-AFF7-3F8F-93EB-C2C8C3B2C926}.MinSizeRel|x64.Build.0 = MinSizeRel|x64
		{D4C53F78-AFF7-3F8F-93EB-C2C8C3B2C926}.RelWithDebInfo|x64.ActiveCfg = RelWithDebInfo|x64
		{D4C53F78-AFF7-3F8F-93EB-C2C8C3B2C926}.RelWithDebInfo|x64.Build.0 = RelWithDebInfo|x64
		{23BD5018-FDE0-3D4C-801C-F6013D4C25F7}.Debug|x64.ActiveCfg = Debug|x64
		{23BD5018-FDE0-3D4C-801C-F6013D4C25F7}.Release|x64.ActiveCfg = Release|x64
		{23BD5018-FDE0-3D4C-801C-F6013D4C25F7}.MinSizeRel|x64.ActiveCfg = MinSizeRel|x64
		{23BD5018-FDE0-3D4C-801C-F6013D4C25F7}.RelWithDebInfo|x64.ActiveCfg = RelWithDebInfo|x64
		{93EAAA81-416F-3E0C-85D1-F579C4B22074}.Debug|x64.ActiveCfg = Debug|x64
		{93EAAA81-416F-3E0C-85D1-F579C4B22074}.Release|x64.ActiveCfg = Release|x64
		{93EAAA81-416F-3E0C-85D1-F579C4B22074}.MinSizeRel|x64.ActiveCfg = MinSizeRel|x64
		{93EAAA81-416F-3E0C-85D1-F579C4B22074}.RelWithDebInfo|x64.ActiveCfg = RelWithDebInfo|x64
		{796D6C10-65F7-3944-82A4-1C53FA1BC7FF}.Debug|x64.ActiveCfg = Debug|x64
		{796D6C10-65F7-3944-82A4-1C53FA1BC7FF}.Debug|x64.Build.0 = Debug|x64
		{796D6C10-65F7-3944-82A4-1C53FA1BC7FF}.Release|x64.ActiveCfg = Release|x64
		{796D6C10-65F7-3944-82A4-1C53FA1BC7FF}.Release|x64.Build.0 = Release|x64
		{796D6C10-65F7-3944-82A4-1C53FA1BC7FF}.MinSizeRel|x64.ActiveCfg = MinSizeRel|x64
		{796D6C10-65F7-3944-82A4-1C53FA1BC7FF}.MinSizeRel|x64.Build.0 = MinSizeRel|x64
		{796D6C10-65F7-3944-82A4-1C53FA1BC7FF}.RelWithDebInfo|x64.ActiveCfg = RelWithDebInfo|x64
		{796D6C10-65F7-3944-82A4-1C53FA1BC7FF}.RelWithDebInfo|x64.Build.0 = RelWithDebInfo|x64
		{725A54A3-1104-38BB-B738-9838B76508E5}.Debug|x64.ActiveCfg = Debug|x64
		{725A54A3-1104-38BB-B738-9838B76508E5}.Debug|x64.Build.0 = Debug|x64
		{725A54A3-1104-38BB-B738-9838B76508E5}.Release|x64.ActiveCfg = Release|x64
		{725A54A3-1104-38BB-B738-9838B76508E5}.Release|x64.Build.0 = Release|x64
		{725A54A3-1104-38BB-B738-9838B76508E5}.MinSizeRel|x64.ActiveCfg = MinSizeRel|x64
		{725A54A3-1104-38BB-B738-9838B76508E5}.MinSizeRel|x64.Build.0 = MinSizeRel|x64
		{725A54A3-1104-38BB-B738-9838B76508E5}.RelWithDebInfo|x64.ActiveCfg = RelWithDebInfo|x64
		{725A54A3-1104-38BB-B738-9838B76508E5}.RelWithDebInfo|x64.Build.0 = RelWithDebInfo|x64
		{89AF24AE-C9A5-3358-BDE5-897F1EF60FCF}.Debug|x64.ActiveCfg = Debug|x64
		{89AF24AE-C9A5-3358-BDE5-897F1EF60FCF}.Debug|x64.Build.0 = Debug|x64
		{89AF24AE-C9A5-3358-BDE5-897F1EF60FCF}.Release|x64.ActiveCfg = Release|x64
		{89AF24AE-C9A5-3358-BDE5-897F1EF60FCF}.Release|x64.Build.0 = Release|x64
		{89AF24AE-C9A5-3358-BDE5-897F1EF60FCF}.MinSizeRel|x64.ActiveCfg = MinSizeRel|x64
		{89AF24AE-C9A5-3358-BDE5-897F1EF60FCF}.MinSizeRel|x64.Build.0 = MinSizeRel|x64
		{89AF24AE-C9A5-3358-BDE5-897F1EF60FCF}.RelWithDebInfo|x64.ActiveCfg = RelWithDebInfo|x64
		{89AF24AE-C9A5-3358-BDE5-897F1EF60FCF}.RelWithDebInfo|x64.Build.0 = RelWithDebInfo|x64
		{F4EED76B-7366-36D5-92FD-0E4DF4DCEFE6}.Debug|x64.ActiveCfg = Debug|x64
		{F4EED76B-7366-36D5-92FD-0E4DF4DCEFE6}.Debug|x64.Build.0 = Debug|x64
		{F4EED76B-7366-36D5-92FD-0E4DF4DCEFE6}.Release|x64.ActiveCfg = Release|x64
		{F4EED76B-7366-36D5-92FD-0E4DF4DCEFE6}.Release|x64.Build.0 = Release|x64
		{F4EED76B-7366-36D5-92FD-0E4DF4DCEFE6}.MinSizeRel|x64.ActiveCfg = MinSizeRel|x64
		{F4EED76B-7366-36D5-92FD-0E4DF4DCEFE6}.MinSizeRel|x64.Build.0 = MinSizeRel|x64
		{F4EED76B-7366-36D5-92FD-0E4DF4DCEFE6}.RelWithDebInfo|x64.ActiveCfg = RelWithDebInfo|x64
		{F4EED76B-7366-36D5-92FD-0E4DF4DCEFE6}.RelWithDebInfo|x64.Build.0 = RelWithDebInfo|x64
		{963DF931-3E57-3DC7-AC02-8567AA62AACC}.Debug|x64.ActiveCfg = Debug|x64
		{963DF931-3E57-3DC7-AC02-8567AA62AACC}.Debug|x64.Build.0 = Debug|x64
		{963DF931-3E57-3DC7-AC02-8567AA62AACC}.Release|x64.ActiveCfg = Release|x64
		{963DF931-3E57-3DC7-AC02-8567AA62AACC}.Release|x64.Build.0 = Release|x64
		{963DF931-3E57-3DC7-AC02-8567AA62AACC}.MinSizeRel|x64.ActiveCfg = MinSizeRel|x64
		{963DF931-3E57-3DC7-AC02-8567AA62AACC}.MinSizeRel|x64.Build.0 = MinSizeRel|x64
		{963DF931-3E57-3DC7-AC02-8567AA62AACC}.RelWithDebInfo|x64.ActiveCfg = RelWithDebInfo|x64
		{963DF931-3E57-3DC7-AC02-8567AA62AACC}.RelWithDebInfo|x64.Build.0 = RelWithDebInfo|x64
		{63F10AB1-6954-36CF-83D3-A6DC3A910A43}.Debug|x64.ActiveCfg = Debug|x64
		{63F10AB1-6954-36CF-83D3-A6DC3A910A43}.Debug|x64.Build.0 = Debug|x64
		{63F10AB1-6954-36CF-83D3-A6DC3A910A43}.Release|x64.ActiveCfg = Release|x64
		{63F10AB1-6954-36CF-83D3-A6DC3A910A43}.Release|x64.Build.0 = Release|x64
		{63F10AB1-6954-36CF-83D3-A6DC3A910A43}.MinSizeRel|x64.ActiveCfg = MinSizeRel|x64
		{63F10AB1-6954-36CF-83D3-A6DC3A910A43}.MinSizeRel|x64.Build.0 = MinSizeRel|x64
		{63F10AB1-6954-36CF-83D3-A6DC3A910A43}.RelWithDebInfo|x64.ActiveCfg = RelWithDebInfo|x64
		{63F10AB1-6954-36CF-83D3-A6DC3A910A43}.RelWithDebInfo|x64.Build.0 = RelWithDebInfo|x64
		{4E7E46AF-36D6-352D-B97F-C0504F169E44}.Debug|x64.ActiveCfg = Debug|x64
		{4E7E46AF-36D6-352D-B97F-C0504F169E44}.Debug|x64.Build.0 = Debug|x64
		{4E7E46AF-36D6-352D-B97F-C0504F169E44}.Release|x64.ActiveCfg = Release|x64
		{4E7E46AF-36D6-352D-B97F-C0504F169E44}.Release|x64.Build.0 = Release|x64
		{4E7E46AF-36D6-352D-B97F-C0504F169E44}.MinSizeRel|x64.ActiveCfg = MinSizeRel|x64
		{4E7E46AF-36D6-352D-B97F-C0504F169E44}.MinSizeRel|x64.Build.0 = MinSizeRel|x64
		{4E7E46AF-36D6-352D-B97F-C0504F169E44}.RelWithDebInfo|x64.ActiveCfg = RelWithDebInfo|x64
		{4E7E46AF-36D6-352D-B97F-C0504F169E44}.RelWithDebInfo|x64.Build.0 = RelWithDebInfo|x64
		{20F15810-A75C-384D-8DC0-686CEF8EDA42}.Debug|x64.ActiveCfg = Debug|x64
		{20F15810-A75C-384D-8DC0-686CEF8EDA42}.Debug|x64.Build.0 = Debug|x64
		{20F15810-A75C-384D-8DC0-686CEF8EDA42}.Release|x64.ActiveCfg = Release|x64
		{20F15810-A75C-384D-8DC0-686CEF8EDA42}.Release|x64.Build.0 = Release|x64
		{20F15810-A75C-384D-8DC0-686CEF8EDA42}.MinSizeRel|x64.ActiveCfg = MinSizeRel|x64
		{20F15810-A75C-384D-8DC0-686CEF8EDA42}.MinSizeRel|x64.Build.0 = MinSizeRel|x64
		{20F15810-A75C-384D-8DC0-686CEF8EDA42}.RelWithDebInfo|x64.ActiveCfg = RelWithDebInfo|x64
		{20F15810-A75C-384D-8DC0-686CEF8EDA42}.RelWithDebInfo|x64.Build.0 = RelWithDebInfo|x64
		{0AB734E6-74C8-340F-8F5D-E2B28144010D}.Debug|x64.ActiveCfg = Debug|x64
		{0AB734E6-74C8-340F-8F5D-E2B28144010D}.Debug|x64.Build.0 = Debug|x64
		{0AB734E6-74C8-340F-8F5D-E2B28144010D}.Release|x64.ActiveCfg = Release|x64
		{0AB734E6-74C8-340F-8F5D-E2B28144010D}.Release|x64.Build.0 = Release|x64
		{0AB734E6-74C8-340F-8F5D-E2B28144010D}.MinSizeRel|x64.ActiveCfg = MinSizeRel|x64
		{0AB734E6-74C8-340F-8F5D-E2B28144010D}.MinSizeRel|x64.Build.0 = MinSizeRel|x64
		{0AB734E6-74C8-340F-8F5D-E2B28144010D}.RelWithDebInfo|x64.ActiveCfg = RelWithDebInfo|x64
		{0AB734E6-74C8-340F-8F5D-E2B28144010D}.RelWithDebInfo|x64.Build.0 = RelWithDebInfo|x64
		{C72C8C2F-0F3E-362D-A3D7-026685CDA2F0}.Debug|x64.ActiveCfg = Debug|x64
		{C72C8C2F-0F3E-362D-A3D7-026685CDA2F0}.Debug|x64.Build.0 = Debug|x64
		{C72C8C2F-0F3E-362D-A3D7-026685CDA2F0}.Release|x64.ActiveCfg = Release|x64
		{C72C8C2F-0F3E-362D-A3D7-026685CDA2F0}.Release|x64.Build.0 = Release|x64
		{C72C8C2F-0F3E-362D-A3D7-026685CDA2F0}.MinSizeRel|x64.ActiveCfg = MinSizeRel|x64
		{C72C8C2F-0F3E-362D-A3D7-026685CDA2F0}.MinSizeRel|x64.Build.0 = MinSizeRel|x64
		{C72C8C2F-0F3E-362D-A3D7-026685CDA2F0}.RelWithDebInfo|x64.ActiveCfg = RelWithDebInfo|x64
		{C72C8C2F-0F3E-362D-A3D7-026685CDA2F0}.RelWithDebInfo|x64.Build.0 = RelWithDebInfo|x64
		{AD0C7424-45D7-3468-A212-B0C9550BD87F}.Debug|x64.ActiveCfg = Debug|x64
		{AD0C7424-45D7-3468-A212-B0C9550BD87F}.Debug|x64.Build.0 = Debug|x64
		{AD0C7424-45D7-3468-A212-B0C9550BD87F}.Release|x64.ActiveCfg = Release|x64
		{AD0C7424-45D7-3468-A212-B0C9550BD87F}.Release|x64.Build.0 = Release|x64
		{AD0C7424-45D7-3468-A212-B0C9550BD87F}.MinSizeRel|x64.ActiveCfg = MinSizeRel|x64
		{AD0C7424-45D7-3468-A212-B0C9550BD87F}.MinSizeRel|x64.Build.0 = MinSizeRel|x64
		{AD0C7424-45D7-3468-A212-B0C9550BD87F}.RelWithDebInfo|x64.ActiveCfg = RelWithDebInfo|x64
		{AD0C7424-45D7-3468-A212-B0C9550BD87F}.RelWithDebInfo|x64.Build.0 = RelWithDebInfo|x64
	EndGlobalSection
	GlobalSection(ExtensibilityGlobals) = postSolution
		SolutionGuid = {2F42C73B-0617-38D7-8158-C12B1622CFEF}
	EndGlobalSection
	GlobalSection(ExtensibilityAddIns) = postSolution
	EndGlobalSection
EndGlobal
